{
  "lib/gem_checksums.rb:2187774111": [
    [46, 9, 2, "Lint/Syntax: unexpected token tLSHFT\n(Using Ruby 2.2 parser; configure using `TargetRubyVersion` parameter, under `AllCops`)", 5859461],
    [47, 35, 8, "Lint/Syntax: unexpected token tIDENTIFIER\n(Using Ruby 2.2 parser; configure using `TargetRubyVersion` parameter, under `AllCops`)", 3746595442],
    [48, 23, 6, "Lint/Syntax: unexpected token kENSURE\n(Using Ruby 2.2 parser; configure using `TargetRubyVersion` parameter, under `AllCops`)", 1164465823],
    [48, 59, 9, "Lint/Syntax: unexpected token tIDENTIFIER\n(Using Ruby 2.2 parser; configure using `TargetRubyVersion` parameter, under `AllCops`)", 3934292795],
    [49, 24, 4, "Lint/Syntax: unexpected token tIDENTIFIER\n(Using Ruby 2.2 parser; configure using `TargetRubyVersion` parameter, under `AllCops`)", 2087717786],
    [49, 77, 3, "Lint/Syntax: unexpected token tIDENTIFIER\n(Using Ruby 2.2 parser; configure using `TargetRubyVersion` parameter, under `AllCops`)", 193422044],
    [51, 20, 1, "Lint/Syntax: unexpected token tCOLON\n(Using Ruby 2.2 parser; configure using `TargetRubyVersion` parameter, under `AllCops`)", 177567],
    [51, 56, 1, "Lint/Syntax: unexpected token tSTAR\n(Using Ruby 2.2 parser; configure using `TargetRubyVersion` parameter, under `AllCops`)", 177551],
    [51, 71, 3, "Lint/Syntax: unexpected token tIDENTIFIER\n(Using Ruby 2.2 parser; configure using `TargetRubyVersion` parameter, under `AllCops`)", 193422044],
    [51, 79, 1, "Lint/Syntax: unexpected token tCOMMA\n(Using Ruby 2.2 parser; configure using `TargetRubyVersion` parameter, under `AllCops`)", 177545],
    [51, 110, 2, "Lint/Syntax: unexpected token kOR\n(Using Ruby 2.2 parser; configure using `TargetRubyVersion` parameter, under `AllCops`)", 5861240],
    [55, 14, 3, "Lint/Syntax: unexpected token tIDENTIFIER\n(Using Ruby 2.2 parser; configure using `TargetRubyVersion` parameter, under `AllCops`)", 193440548],
    [56, 22, 17, "Lint/Syntax: unexpected token tCONSTANT\n(Using Ruby 2.2 parser; configure using `TargetRubyVersion` parameter, under `AllCops`)", 3377418749],
    [56, 62, 18, "Lint/Syntax: unexpected token tGVAR\n(Using Ruby 2.2 parser; configure using `TargetRubyVersion` parameter, under `AllCops`)", 3988824313],
    [57, 18, 3, "Lint/Syntax: unexpected token tIDENTIFIER\n(Using Ruby 2.2 parser; configure using `TargetRubyVersion` parameter, under `AllCops`)", 193422044],
    [57, 48, 4, "Lint/Syntax: unexpected token kTHEN\n(Using Ruby 2.2 parser; configure using `TargetRubyVersion` parameter, under `AllCops`)", 2087960114],
    [58, 29, 2, "Lint/Syntax: unexpected token tIDENTIFIER\n(Using Ruby 2.2 parser; configure using `TargetRubyVersion` parameter, under `AllCops`)", 5860997],
    [58, 56, 6, "Lint/Syntax: unexpected token kMODULE\n(Using Ruby 2.2 parser; configure using `TargetRubyVersion` parameter, under `AllCops`)", 1465948607],
    [60, 14, 4, "Lint/Syntax: unexpected token tIDENTIFIER\n(Using Ruby 2.2 parser; configure using `TargetRubyVersion` parameter, under `AllCops`)", 2087597937],
    [61, 19, 1, "Lint/Syntax: unexpected token tUMINUS\n(Using Ruby 2.2 parser; configure using `TargetRubyVersion` parameter, under `AllCops`)", 177544],
    [65, 60, 18, "Lint/Syntax: unexpected token tGVAR\n(Using Ruby 2.2 parser; configure using `TargetRubyVersion` parameter, under `AllCops`)", 3988824313],
    [135, 63, 4, "Lint/Syntax: unexpected token tIDENTIFIER\n(Using Ruby 2.2 parser; configure using `TargetRubyVersion` parameter, under `AllCops`)", 2087436318],
    [135, 67, 1, "Lint/Syntax: unterminated string meets end of file\n(Using Ruby 2.2 parser; configure using `TargetRubyVersion` parameter, under `AllCops`)", 177605]
  ]
}
